// !$*UTF8*$!
{
	archiveVersion = 1;
	classes = {
	};
	objectVersion = 46;
	objects = {

/* Begin PBXBuildFile section */
		AE0A0FA51AA96BF100D56BF9 /* StatsViewController.swift in Sources */ = {isa = PBXBuildFile; fileRef = AE0A0FA41AA96BF100D56BF9 /* StatsViewController.swift */; };
		AE396BDD1AAF5EB800016D80 /* Grayscale.m in Sources */ = {isa = PBXBuildFile; fileRef = AE396BDC1AAF5EB800016D80 /* Grayscale.m */; };
		AE396BDF1AAF623700016D80 /* TextFormatter.swift in Sources */ = {isa = PBXBuildFile; fileRef = AE396BDE1AAF623700016D80 /* TextFormatter.swift */; };
		AE396C471AAFAF0400016D80 /* defaultPie.png in Resources */ = {isa = PBXBuildFile; fileRef = AE396C461AAFAF0400016D80 /* defaultPie.png */; };
		AE396C491AB0A28500016D80 /* blackAndWhitePie.png in Resources */ = {isa = PBXBuildFile; fileRef = AE396C481AB0A28500016D80 /* blackAndWhitePie.png */; };
		AE44B8C81AA6A44500A749D2 /* MCAlertWithTextEntry.m in Sources */ = {isa = PBXBuildFile; fileRef = AE44B8C71AA6A44500A749D2 /* MCAlertWithTextEntry.m */; };
		AE5AFD071AAA3C2F008B132D /* LogTableViewCell.swift in Sources */ = {isa = PBXBuildFile; fileRef = AE5AFD061AAA3C2F008B132D /* LogTableViewCell.swift */; };
		AE76C5D01AA7EB8C0089BE50 /* ChartCollectionViewCell.swift in Sources */ = {isa = PBXBuildFile; fileRef = AE76C5CF1AA7EB8C0089BE50 /* ChartCollectionViewCell.swift */; };
		AE76C5D71AA7F6510089BE50 /* PieChartThumbnailSubclass.swift in Sources */ = {isa = PBXBuildFile; fileRef = AE76C5D61AA7F6510089BE50 /* PieChartThumbnailSubclass.swift */; };
		AE76C5E21AA923930089BE50 /* EditChartViewController.swift in Sources */ = {isa = PBXBuildFile; fileRef = AE76C5E11AA923930089BE50 /* EditChartViewController.swift */; };
		AE88E5C21AAB775600C0502E /* blankChart.png in Resources */ = {isa = PBXBuildFile; fileRef = AE88E5C11AAB775600C0502E /* blankChart.png */; };
		AE9DC2691AB9E2960058F6D2 /* PieChartCategoryWrapper.m in Sources */ = {isa = PBXBuildFile; fileRef = AE9DC2681AB9E2960058F6D2 /* PieChartCategoryWrapper.m */; };
		AE9DC26C1AB9E2960058F6D2 /* TrackingCategory.m in Sources */ = {isa = PBXBuildFile; fileRef = AE9DC26B1AB9E2960058F6D2 /* TrackingCategory.m */; };
		AE9DC26F1AB9E2970058F6D2 /* LogRecord.m in Sources */ = {isa = PBXBuildFile; fileRef = AE9DC26E1AB9E2970058F6D2 /* LogRecord.m */; };
		AE9DC2721AB9E2970058F6D2 /* PieChartThumbnail.m in Sources */ = {isa = PBXBuildFile; fileRef = AE9DC2711AB9E2970058F6D2 /* PieChartThumbnail.m */; };
		AEA8AA551AA76FAD004CD4BE /* PieChartsViewController.swift in Sources */ = {isa = PBXBuildFile; fileRef = AEA8AA541AA76FAD004CD4BE /* PieChartsViewController.swift */; };
		AEBF60C01AA654E8008EABD3 /* TabBarController.swift in Sources */ = {isa = PBXBuildFile; fileRef = AEBF60BF1AA654E8008EABD3 /* TabBarController.swift */; };
		AECEDE5B1AB77FE200B418C8 /* CollectionViewLayout.m in Sources */ = {isa = PBXBuildFile; fileRef = AECEDE5A1AB77FE200B418C8 /* CollectionViewLayout.m */; };
		AECF7E3F1A93DC3C0064A7F4 /* AppDelegate.swift in Sources */ = {isa = PBXBuildFile; fileRef = AECF7E3E1A93DC3C0064A7F4 /* AppDelegate.swift */; };
		AECF7E421A93DC3C0064A7F4 /* ProjectTimer.xcdatamodeld in Sources */ = {isa = PBXBuildFile; fileRef = AECF7E401A93DC3C0064A7F4 /* ProjectTimer.xcdatamodeld */; };
		AECF7E471A93DC3D0064A7F4 /* Main.storyboard in Resources */ = {isa = PBXBuildFile; fileRef = AECF7E451A93DC3D0064A7F4 /* Main.storyboard */; };
		AECF7E491A93DC3D0064A7F4 /* Images.xcassets in Resources */ = {isa = PBXBuildFile; fileRef = AECF7E481A93DC3D0064A7F4 /* Images.xcassets */; };
		AECF7E4C1A93DC3D0064A7F4 /* LaunchScreen.xib in Resources */ = {isa = PBXBuildFile; fileRef = AECF7E4A1A93DC3D0064A7F4 /* LaunchScreen.xib */; };
		AECF7E581A93DC3D0064A7F4 /* ProjectTimerTests.swift in Sources */ = {isa = PBXBuildFile; fileRef = AECF7E571A93DC3D0064A7F4 /* ProjectTimerTests.swift */; };
		AECF7E621A93DC830064A7F4 /* ChartAndLegendVC_Superclass.swift in Sources */ = {isa = PBXBuildFile; fileRef = AECF7E611A93DC830064A7F4 /* ChartAndLegendVC_Superclass.swift */; };
		AECF7E661A93DCDA0064A7F4 /* TimerViewController.swift in Sources */ = {isa = PBXBuildFile; fileRef = AECF7E651A93DCDA0064A7F4 /* TimerViewController.swift */; };
		AECF7E6A1A93DD000064A7F4 /* PieChartAndLegend.swift in Sources */ = {isa = PBXBuildFile; fileRef = AECF7E681A93DD000064A7F4 /* PieChartAndLegend.swift */; };
		AECF7E6B1A93DD000064A7F4 /* DataItem.swift in Sources */ = {isa = PBXBuildFile; fileRef = AECF7E691A93DD000064A7F4 /* DataItem.swift */; };
		AECF7E6E1A93DD100064A7F4 /* PieChart.swift in Sources */ = {isa = PBXBuildFile; fileRef = AECF7E6C1A93DD100064A7F4 /* PieChart.swift */; };
		AECF7E6F1A93DD100064A7F4 /* PieSlice.swift in Sources */ = {isa = PBXBuildFile; fileRef = AECF7E6D1A93DD100064A7F4 /* PieSlice.swift */; };
		AECF7E831A93DD800064A7F4 /* clearImage.png in Resources */ = {isa = PBXBuildFile; fileRef = AECF7E821A93DD800064A7F4 /* clearImage.png */; };
		AECF7E861A93DE9F0064A7F4 /* MCTableWithMutliSelection.m in Sources */ = {isa = PBXBuildFile; fileRef = AECF7E851A93DE9F0064A7F4 /* MCTableWithMutliSelection.m */; };
		AECF7E8F1A93DEAB0064A7F4 /* MCGenericTableWithForwarding.m in Sources */ = {isa = PBXBuildFile; fileRef = AECF7E881A93DEAB0064A7F4 /* MCGenericTableWithForwarding.m */; };
		AECF7E901A93DEAB0064A7F4 /* MCTableWithGestures.m in Sources */ = {isa = PBXBuildFile; fileRef = AECF7E8A1A93DEAB0064A7F4 /* MCTableWithGestures.m */; };
		AECF7E911A93DEAB0064A7F4 /* MCBlockTouchesView.m in Sources */ = {isa = PBXBuildFile; fileRef = AECF7E8C1A93DEAB0064A7F4 /* MCBlockTouchesView.m */; };
		AECF7E921A93DEAB0064A7F4 /* MCTableDataObject.m in Sources */ = {isa = PBXBuildFile; fileRef = AECF7E8E1A93DEAB0064A7F4 /* MCTableDataObject.m */; };
		AECF7E9C1A93E14C0064A7F4 /* TrackingCategorySubclass.swift in Sources */ = {isa = PBXBuildFile; fileRef = AECF7E9B1A93E14C0064A7F4 /* TrackingCategorySubclass.swift */; };
		AECF7E9E1A93E16E0064A7F4 /* LogRecordSubclass.swift in Sources */ = {isa = PBXBuildFile; fileRef = AECF7E9D1A93E16E0064A7F4 /* LogRecordSubclass.swift */; };
		AECF7EA81A94211C0064A7F4 /* TimerCollectionViewCell.swift in Sources */ = {isa = PBXBuildFile; fileRef = AECF7EA71A94211C0064A7F4 /* TimerCollectionViewCell.swift */; };
		AED4F1691AAACB9A00EBBAD3 /* LogViewController.swift in Sources */ = {isa = PBXBuildFile; fileRef = AED4F1681AAACB9A00EBBAD3 /* LogViewController.swift */; };
/* End PBXBuildFile section */

/* Begin PBXContainerItemProxy section */
		AECF7E521A93DC3D0064A7F4 /* PBXContainerItemProxy */ = {
			isa = PBXContainerItemProxy;
			containerPortal = AECF7E311A93DC3C0064A7F4 /* Project object */;
			proxyType = 1;
			remoteGlobalIDString = AECF7E381A93DC3C0064A7F4;
			remoteInfo = ProjectTimer;
		};
/* End PBXContainerItemProxy section */

/* Begin PBXFileReference section */
		AE0A0FA41AA96BF100D56BF9 /* StatsViewController.swift */ = {isa = PBXFileReference; fileEncoding = 4; lastKnownFileType = sourcecode.swift; path = StatsViewController.swift; sourceTree = "<group>"; };
		AE396BDB1AAF5EB800016D80 /* Grayscale.h */ = {isa = PBXFileReference; fileEncoding = 4; lastKnownFileType = sourcecode.c.h; path = Grayscale.h; sourceTree = "<group>"; };
		AE396BDC1AAF5EB800016D80 /* Grayscale.m */ = {isa = PBXFileReference; fileEncoding = 4; lastKnownFileType = sourcecode.c.objc; path = Grayscale.m; sourceTree = "<group>"; };
		AE396BDE1AAF623700016D80 /* TextFormatter.swift */ = {isa = PBXFileReference; fileEncoding = 4; lastKnownFileType = sourcecode.swift; path = TextFormatter.swift; sourceTree = "<group>"; };
		AE396C461AAFAF0400016D80 /* defaultPie.png */ = {isa = PBXFileReference; lastKnownFileType = image.png; path = defaultPie.png; sourceTree = "<group>"; };
		AE396C481AB0A28500016D80 /* blackAndWhitePie.png */ = {isa = PBXFileReference; lastKnownFileType = image.png; path = blackAndWhitePie.png; sourceTree = "<group>"; };
		AE44B8C61AA6A44500A749D2 /* MCAlertWithTextEntry.h */ = {isa = PBXFileReference; fileEncoding = 4; lastKnownFileType = sourcecode.c.h; path = MCAlertWithTextEntry.h; sourceTree = "<group>"; };
		AE44B8C71AA6A44500A749D2 /* MCAlertWithTextEntry.m */ = {isa = PBXFileReference; fileEncoding = 4; lastKnownFileType = sourcecode.c.objc; path = MCAlertWithTextEntry.m; sourceTree = "<group>"; };
		AE5AFD061AAA3C2F008B132D /* LogTableViewCell.swift */ = {isa = PBXFileReference; fileEncoding = 4; lastKnownFileType = sourcecode.swift; path = LogTableViewCell.swift; sourceTree = "<group>"; };
		AE76C5CF1AA7EB8C0089BE50 /* ChartCollectionViewCell.swift */ = {isa = PBXFileReference; fileEncoding = 4; lastKnownFileType = sourcecode.swift; path = ChartCollectionViewCell.swift; sourceTree = "<group>"; };
		AE76C5D61AA7F6510089BE50 /* PieChartThumbnailSubclass.swift */ = {isa = PBXFileReference; fileEncoding = 4; lastKnownFileType = sourcecode.swift; path = PieChartThumbnailSubclass.swift; sourceTree = "<group>"; };
		AE76C5E11AA923930089BE50 /* EditChartViewController.swift */ = {isa = PBXFileReference; fileEncoding = 4; lastKnownFileType = sourcecode.swift; path = EditChartViewController.swift; sourceTree = "<group>"; };
		AE88E5C11AAB775600C0502E /* blankChart.png */ = {isa = PBXFileReference; lastKnownFileType = image.png; path = blankChart.png; sourceTree = "<group>"; };
		AE9DC2671AB9E2960058F6D2 /* PieChartCategoryWrapper.h */ = {isa = PBXFileReference; fileEncoding = 4; lastKnownFileType = sourcecode.c.h; path = PieChartCategoryWrapper.h; sourceTree = "<group>"; };
		AE9DC2681AB9E2960058F6D2 /* PieChartCategoryWrapper.m */ = {isa = PBXFileReference; fileEncoding = 4; lastKnownFileType = sourcecode.c.objc; path = PieChartCategoryWrapper.m; sourceTree = "<group>"; };
		AE9DC26A1AB9E2960058F6D2 /* TrackingCategory.h */ = {isa = PBXFileReference; fileEncoding = 4; lastKnownFileType = sourcecode.c.h; path = TrackingCategory.h; sourceTree = "<group>"; };
		AE9DC26B1AB9E2960058F6D2 /* TrackingCategory.m */ = {isa = PBXFileReference; fileEncoding = 4; lastKnownFileType = sourcecode.c.objc; path = TrackingCategory.m; sourceTree = "<group>"; };
		AE9DC26D1AB9E2970058F6D2 /* LogRecord.h */ = {isa = PBXFileReference; fileEncoding = 4; lastKnownFileType = sourcecode.c.h; path = LogRecord.h; sourceTree = "<group>"; };
		AE9DC26E1AB9E2970058F6D2 /* LogRecord.m */ = {isa = PBXFileReference; fileEncoding = 4; lastKnownFileType = sourcecode.c.objc; path = LogRecord.m; sourceTree = "<group>"; };
		AE9DC2701AB9E2970058F6D2 /* PieChartThumbnail.h */ = {isa = PBXFileReference; fileEncoding = 4; lastKnownFileType = sourcecode.c.h; path = PieChartThumbnail.h; sourceTree = "<group>"; };
		AE9DC2711AB9E2970058F6D2 /* PieChartThumbnail.m */ = {isa = PBXFileReference; fileEncoding = 4; lastKnownFileType = sourcecode.c.objc; path = PieChartThumbnail.m; sourceTree = "<group>"; };
		AEA8AA541AA76FAD004CD4BE /* PieChartsViewController.swift */ = {isa = PBXFileReference; fileEncoding = 4; lastKnownFileType = sourcecode.swift; path = PieChartsViewController.swift; sourceTree = "<group>"; };
		AEBF60BF1AA654E8008EABD3 /* TabBarController.swift */ = {isa = PBXFileReference; fileEncoding = 4; lastKnownFileType = sourcecode.swift; path = TabBarController.swift; sourceTree = "<group>"; };
		AECEDE591AB77FE200B418C8 /* CollectionViewLayout.h */ = {isa = PBXFileReference; fileEncoding = 4; lastKnownFileType = sourcecode.c.h; path = CollectionViewLayout.h; sourceTree = "<group>"; };
		AECEDE5A1AB77FE200B418C8 /* CollectionViewLayout.m */ = {isa = PBXFileReference; fileEncoding = 4; lastKnownFileType = sourcecode.c.objc; path = CollectionViewLayout.m; sourceTree = "<group>"; };
		AECF7E391A93DC3C0064A7F4 /* ProjectTimer.app */ = {isa = PBXFileReference; explicitFileType = wrapper.application; includeInIndex = 0; path = ProjectTimer.app; sourceTree = BUILT_PRODUCTS_DIR; };
		AECF7E3D1A93DC3C0064A7F4 /* Info.plist */ = {isa = PBXFileReference; lastKnownFileType = text.plist.xml; path = Info.plist; sourceTree = "<group>"; };
		AECF7E3E1A93DC3C0064A7F4 /* AppDelegate.swift */ = {isa = PBXFileReference; lastKnownFileType = sourcecode.swift; path = AppDelegate.swift; sourceTree = "<group>"; };
		AECF7E411A93DC3C0064A7F4 /* ProjectTimer.xcdatamodel */ = {isa = PBXFileReference; lastKnownFileType = wrapper.xcdatamodel; path = ProjectTimer.xcdatamodel; sourceTree = "<group>"; };
		AECF7E461A93DC3D0064A7F4 /* Base */ = {isa = PBXFileReference; lastKnownFileType = file.storyboard; name = Base; path = Base.lproj/Main.storyboard; sourceTree = "<group>"; };
		AECF7E481A93DC3D0064A7F4 /* Images.xcassets */ = {isa = PBXFileReference; lastKnownFileType = folder.assetcatalog; path = Images.xcassets; sourceTree = "<group>"; };
		AECF7E4B1A93DC3D0064A7F4 /* Base */ = {isa = PBXFileReference; lastKnownFileType = file.xib; name = Base; path = Base.lproj/LaunchScreen.xib; sourceTree = "<group>"; };
		AECF7E511A93DC3D0064A7F4 /* ProjectTimerTests.xctest */ = {isa = PBXFileReference; explicitFileType = wrapper.cfbundle; includeInIndex = 0; path = ProjectTimerTests.xctest; sourceTree = BUILT_PRODUCTS_DIR; };
		AECF7E561A93DC3D0064A7F4 /* Info.plist */ = {isa = PBXFileReference; lastKnownFileType = text.plist.xml; path = Info.plist; sourceTree = "<group>"; };
		AECF7E571A93DC3D0064A7F4 /* ProjectTimerTests.swift */ = {isa = PBXFileReference; lastKnownFileType = sourcecode.swift; path = ProjectTimerTests.swift; sourceTree = "<group>"; };
		AECF7E611A93DC830064A7F4 /* ChartAndLegendVC_Superclass.swift */ = {isa = PBXFileReference; fileEncoding = 4; lastKnownFileType = sourcecode.swift; path = ChartAndLegendVC_Superclass.swift; sourceTree = "<group>"; };
		AECF7E651A93DCDA0064A7F4 /* TimerViewController.swift */ = {isa = PBXFileReference; fileEncoding = 4; lastKnownFileType = sourcecode.swift; path = TimerViewController.swift; sourceTree = "<group>"; };
		AECF7E681A93DD000064A7F4 /* PieChartAndLegend.swift */ = {isa = PBXFileReference; fileEncoding = 4; lastKnownFileType = sourcecode.swift; path = PieChartAndLegend.swift; sourceTree = "<group>"; };
		AECF7E691A93DD000064A7F4 /* DataItem.swift */ = {isa = PBXFileReference; fileEncoding = 4; lastKnownFileType = sourcecode.swift; path = DataItem.swift; sourceTree = "<group>"; };
		AECF7E6C1A93DD100064A7F4 /* PieChart.swift */ = {isa = PBXFileReference; fileEncoding = 4; lastKnownFileType = sourcecode.swift; path = PieChart.swift; sourceTree = "<group>"; };
		AECF7E6D1A93DD100064A7F4 /* PieSlice.swift */ = {isa = PBXFileReference; fileEncoding = 4; lastKnownFileType = sourcecode.swift; path = PieSlice.swift; sourceTree = "<group>"; };
		AECF7E711A93DD3B0064A7F4 /* ProjectTimer-Bridging-Header.h */ = {isa = PBXFileReference; lastKnownFileType = sourcecode.c.h; path = "ProjectTimer-Bridging-Header.h"; sourceTree = "<group>"; };
		AECF7E821A93DD800064A7F4 /* clearImage.png */ = {isa = PBXFileReference; lastKnownFileType = image.png; path = clearImage.png; sourceTree = "<group>"; };
		AECF7E841A93DE9F0064A7F4 /* MCTableWithMutliSelection.h */ = {isa = PBXFileReference; fileEncoding = 4; lastKnownFileType = sourcecode.c.h; path = MCTableWithMutliSelection.h; sourceTree = "<group>"; };
		AECF7E851A93DE9F0064A7F4 /* MCTableWithMutliSelection.m */ = {isa = PBXFileReference; fileEncoding = 4; lastKnownFileType = sourcecode.c.objc; path = MCTableWithMutliSelection.m; sourceTree = "<group>"; };
		AECF7E871A93DEAB0064A7F4 /* MCGenericTableWithForwarding.h */ = {isa = PBXFileReference; fileEncoding = 4; lastKnownFileType = sourcecode.c.h; path = MCGenericTableWithForwarding.h; sourceTree = "<group>"; };
		AECF7E881A93DEAB0064A7F4 /* MCGenericTableWithForwarding.m */ = {isa = PBXFileReference; fileEncoding = 4; lastKnownFileType = sourcecode.c.objc; path = MCGenericTableWithForwarding.m; sourceTree = "<group>"; };
		AECF7E891A93DEAB0064A7F4 /* MCTableWithGestures.h */ = {isa = PBXFileReference; fileEncoding = 4; lastKnownFileType = sourcecode.c.h; path = MCTableWithGestures.h; sourceTree = "<group>"; };
		AECF7E8A1A93DEAB0064A7F4 /* MCTableWithGestures.m */ = {isa = PBXFileReference; fileEncoding = 4; lastKnownFileType = sourcecode.c.objc; path = MCTableWithGestures.m; sourceTree = "<group>"; };
		AECF7E8B1A93DEAB0064A7F4 /* MCBlockTouchesView.h */ = {isa = PBXFileReference; fileEncoding = 4; lastKnownFileType = sourcecode.c.h; path = MCBlockTouchesView.h; sourceTree = "<group>"; };
		AECF7E8C1A93DEAB0064A7F4 /* MCBlockTouchesView.m */ = {isa = PBXFileReference; fileEncoding = 4; lastKnownFileType = sourcecode.c.objc; path = MCBlockTouchesView.m; sourceTree = "<group>"; };
		AECF7E8D1A93DEAB0064A7F4 /* MCTableDataObject.h */ = {isa = PBXFileReference; fileEncoding = 4; lastKnownFileType = sourcecode.c.h; path = MCTableDataObject.h; sourceTree = "<group>"; };
		AECF7E8E1A93DEAB0064A7F4 /* MCTableDataObject.m */ = {isa = PBXFileReference; fileEncoding = 4; lastKnownFileType = sourcecode.c.objc; path = MCTableDataObject.m; sourceTree = "<group>"; };
		AECF7E9B1A93E14C0064A7F4 /* TrackingCategorySubclass.swift */ = {isa = PBXFileReference; fileEncoding = 4; lastKnownFileType = sourcecode.swift; path = TrackingCategorySubclass.swift; sourceTree = "<group>"; };
		AECF7E9D1A93E16E0064A7F4 /* LogRecordSubclass.swift */ = {isa = PBXFileReference; fileEncoding = 4; lastKnownFileType = sourcecode.swift; path = LogRecordSubclass.swift; sourceTree = "<group>"; };
		AECF7EA71A94211C0064A7F4 /* TimerCollectionViewCell.swift */ = {isa = PBXFileReference; fileEncoding = 4; lastKnownFileType = sourcecode.swift; path = TimerCollectionViewCell.swift; sourceTree = "<group>"; };
		AED4F1681AAACB9A00EBBAD3 /* LogViewController.swift */ = {isa = PBXFileReference; fileEncoding = 4; lastKnownFileType = sourcecode.swift; path = LogViewController.swift; sourceTree = "<group>"; };
/* End PBXFileReference section */

/* Begin PBXFrameworksBuildPhase section */
		AECF7E361A93DC3C0064A7F4 /* Frameworks */ = {
			isa = PBXFrameworksBuildPhase;
			buildActionMask = 2147483647;
			files = (
			);
			runOnlyForDeploymentPostprocessing = 0;
		};
		AECF7E4E1A93DC3D0064A7F4 /* Frameworks */ = {
			isa = PBXFrameworksBuildPhase;
			buildActionMask = 2147483647;
			files = (
			);
			runOnlyForDeploymentPostprocessing = 0;
		};
/* End PBXFrameworksBuildPhase section */

/* Begin PBXGroup section */
		AE0A0FA61AA96D7800D56BF9 /* SubclassedVC_showChartAndLegend */ = {
			isa = PBXGroup;
			children = (
				AECF7E611A93DC830064A7F4 /* ChartAndLegendVC_Superclass.swift */,
				AE76C5E11AA923930089BE50 /* EditChartViewController.swift */,
				AE0A0FA41AA96BF100D56BF9 /* StatsViewController.swift */,
			);
			name = SubclassedVC_showChartAndLegend;
			sourceTree = "<group>";
		};
		AE5AFD041AAA2BB4008B132D /* Navigation */ = {
			isa = PBXGroup;
			children = (
				AEBF60BF1AA654E8008EABD3 /* TabBarController.swift */,
			);
			name = Navigation;
			sourceTree = "<group>";
		};
		AE5AFD051AAA2BC2008B132D /* StandardVC */ = {
			isa = PBXGroup;
			children = (
				AECF7E651A93DCDA0064A7F4 /* TimerViewController.swift */,
				AED4F1681AAACB9A00EBBAD3 /* LogViewController.swift */,
				AEA8AA541AA76FAD004CD4BE /* PieChartsViewController.swift */,
			);
			name = StandardVC;
			sourceTree = "<group>";
		};
		AE76C5E31AA926150089BE50 /* Utilities */ = {
			isa = PBXGroup;
			children = (
				AE396BDE1AAF623700016D80 /* TextFormatter.swift */,
				AE44B8C61AA6A44500A749D2 /* MCAlertWithTextEntry.h */,
				AE44B8C71AA6A44500A749D2 /* MCAlertWithTextEntry.m */,
				AE396BDB1AAF5EB800016D80 /* Grayscale.h */,
				AE396BDC1AAF5EB800016D80 /* Grayscale.m */,
			);
			name = Utilities;
			sourceTree = "<group>";
		};
		AECF7E301A93DC3C0064A7F4 = {
			isa = PBXGroup;
			children = (
				AECF7E3B1A93DC3C0064A7F4 /* ProjectTimer */,
				AECF7E541A93DC3D0064A7F4 /* ProjectTimerTests */,
				AECF7E3A1A93DC3C0064A7F4 /* Products */,
			);
			sourceTree = "<group>";
		};
		AECF7E3A1A93DC3C0064A7F4 /* Products */ = {
			isa = PBXGroup;
			children = (
				AECF7E391A93DC3C0064A7F4 /* ProjectTimer.app */,
				AECF7E511A93DC3D0064A7F4 /* ProjectTimerTests.xctest */,
			);
			name = Products;
			sourceTree = "<group>";
		};
		AECF7E3B1A93DC3C0064A7F4 /* ProjectTimer */ = {
			isa = PBXGroup;
			children = (
				AECF7E3E1A93DC3C0064A7F4 /* AppDelegate.swift */,
				AECF7E451A93DC3D0064A7F4 /* Main.storyboard */,
				AECF7EA51A93FC360064A7F4 /* ViewControllers */,
				AECF7E931A93DF680064A7F4 /* CoreData */,
				AECF7EA61A93FC5D0064A7F4 /* Views */,
				AECF7E3C1A93DC3C0064A7F4 /* Supporting Files */,
			);
			path = ProjectTimer;
			sourceTree = "<group>";
		};
		AECF7E3C1A93DC3C0064A7F4 /* Supporting Files */ = {
			isa = PBXGroup;
			children = (
				AECF7E821A93DD800064A7F4 /* clearImage.png */,
				AE396C481AB0A28500016D80 /* blackAndWhitePie.png */,
				AE88E5C11AAB775600C0502E /* blankChart.png */,
				AE396C461AAFAF0400016D80 /* defaultPie.png */,
				AECF7E481A93DC3D0064A7F4 /* Images.xcassets */,
				AECF7E4A1A93DC3D0064A7F4 /* LaunchScreen.xib */,
				AECF7E711A93DD3B0064A7F4 /* ProjectTimer-Bridging-Header.h */,
				AECF7E3D1A93DC3C0064A7F4 /* Info.plist */,
			);
			name = "Supporting Files";
			sourceTree = "<group>";
		};
		AECF7E541A93DC3D0064A7F4 /* ProjectTimerTests */ = {
			isa = PBXGroup;
			children = (
				AECF7E571A93DC3D0064A7F4 /* ProjectTimerTests.swift */,
				AECF7E551A93DC3D0064A7F4 /* Supporting Files */,
			);
			path = ProjectTimerTests;
			sourceTree = "<group>";
		};
		AECF7E551A93DC3D0064A7F4 /* Supporting Files */ = {
			isa = PBXGroup;
			children = (
				AECF7E561A93DC3D0064A7F4 /* Info.plist */,
			);
			name = "Supporting Files";
			sourceTree = "<group>";
		};
		AECF7E631A93DC9C0064A7F4 /* ChartAndLegend */ = {
			isa = PBXGroup;
			children = (
				AECF7E681A93DD000064A7F4 /* PieChartAndLegend.swift */,
				AECF7E691A93DD000064A7F4 /* DataItem.swift */,
				AECF7E671A93DCE70064A7F4 /* PieChart */,
				AECF7E701A93DD1B0064A7F4 /* CustomTable - LIVE */,
			);
			name = ChartAndLegend;
			sourceTree = "<group>";
		};
		AECF7E671A93DCE70064A7F4 /* PieChart */ = {
			isa = PBXGroup;
			children = (
				AECF7E6C1A93DD100064A7F4 /* PieChart.swift */,
				AECF7E6D1A93DD100064A7F4 /* PieSlice.swift */,
			);
			name = PieChart;
			sourceTree = "<group>";
		};
		AECF7E701A93DD1B0064A7F4 /* CustomTable - LIVE */ = {
			isa = PBXGroup;
			children = (
				AECF7E841A93DE9F0064A7F4 /* MCTableWithMutliSelection.h */,
				AECF7E851A93DE9F0064A7F4 /* MCTableWithMutliSelection.m */,
				AECF7E751A93DD470064A7F4 /* Subclasses */,
			);
			name = "CustomTable - LIVE";
			sourceTree = "<group>";
		};
		AECF7E751A93DD470064A7F4 /* Subclasses */ = {
			isa = PBXGroup;
			children = (
				AECF7E871A93DEAB0064A7F4 /* MCGenericTableWithForwarding.h */,
				AECF7E881A93DEAB0064A7F4 /* MCGenericTableWithForwarding.m */,
				AECF7E891A93DEAB0064A7F4 /* MCTableWithGestures.h */,
				AECF7E8A1A93DEAB0064A7F4 /* MCTableWithGestures.m */,
				AECF7E8B1A93DEAB0064A7F4 /* MCBlockTouchesView.h */,
				AECF7E8C1A93DEAB0064A7F4 /* MCBlockTouchesView.m */,
				AECF7E8D1A93DEAB0064A7F4 /* MCTableDataObject.h */,
				AECF7E8E1A93DEAB0064A7F4 /* MCTableDataObject.m */,
			);
			name = Subclasses;
			sourceTree = "<group>";
		};
		AECF7E931A93DF680064A7F4 /* CoreData */ = {
			isa = PBXGroup;
			children = (
				AECF7EAA1A94238F0064A7F4 /* AppleGeneratedMgdObj */,
				AECF7E941A93E0A40064A7F4 /* ManagedObjectSwiftSubclasses */,
				AECF7E401A93DC3C0064A7F4 /* ProjectTimer.xcdatamodeld */,
			);
			name = CoreData;
			sourceTree = "<group>";
		};
		AECF7E941A93E0A40064A7F4 /* ManagedObjectSwiftSubclasses */ = {
			isa = PBXGroup;
			children = (
				AE76C5D61AA7F6510089BE50 /* PieChartThumbnailSubclass.swift */,
				AECF7E9B1A93E14C0064A7F4 /* TrackingCategorySubclass.swift */,
				AECF7E9D1A93E16E0064A7F4 /* LogRecordSubclass.swift */,
			);
			name = ManagedObjectSwiftSubclasses;
			sourceTree = "<group>";
		};
		AECF7EA51A93FC360064A7F4 /* ViewControllers */ = {
			isa = PBXGroup;
			children = (
				AE5AFD041AAA2BB4008B132D /* Navigation */,
				AE5AFD051AAA2BC2008B132D /* StandardVC */,
				AE0A0FA61AA96D7800D56BF9 /* SubclassedVC_showChartAndLegend */,
				AE76C5E31AA926150089BE50 /* Utilities */,
			);
			name = ViewControllers;
			sourceTree = "<group>";
		};
		AECF7EA61A93FC5D0064A7F4 /* Views */ = {
			isa = PBXGroup;
			children = (
				AECF7EA91A9421330064A7F4 /* CustomCells */,
				AECF7E631A93DC9C0064A7F4 /* ChartAndLegend */,
			);
			name = Views;
			sourceTree = "<group>";
		};
		AECF7EA91A9421330064A7F4 /* CustomCells */ = {
			isa = PBXGroup;
			children = (
				AECF7EA71A94211C0064A7F4 /* TimerCollectionViewCell.swift */,
				AE76C5CF1AA7EB8C0089BE50 /* ChartCollectionViewCell.swift */,
				AE5AFD061AAA3C2F008B132D /* LogTableViewCell.swift */,
				AECEDE591AB77FE200B418C8 /* CollectionViewLayout.h */,
				AECEDE5A1AB77FE200B418C8 /* CollectionViewLayout.m */,
			);
			name = CustomCells;
			sourceTree = "<group>";
		};
		AECF7EAA1A94238F0064A7F4 /* AppleGeneratedMgdObj */ = {
			isa = PBXGroup;
			children = (
				AE9DC2701AB9E2970058F6D2 /* PieChartThumbnail.h */,
				AE9DC2711AB9E2970058F6D2 /* PieChartThumbnail.m */,
				AE9DC26D1AB9E2970058F6D2 /* LogRecord.h */,
				AE9DC26E1AB9E2970058F6D2 /* LogRecord.m */,
				AE9DC26A1AB9E2960058F6D2 /* TrackingCategory.h */,
				AE9DC26B1AB9E2960058F6D2 /* TrackingCategory.m */,
				AE9DC2671AB9E2960058F6D2 /* PieChartCategoryWrapper.h */,
				AE9DC2681AB9E2960058F6D2 /* PieChartCategoryWrapper.m */,
			);
			name = AppleGeneratedMgdObj;
			sourceTree = "<group>";
		};
/* End PBXGroup section */

/* Begin PBXNativeTarget section */
		AECF7E381A93DC3C0064A7F4 /* ProjectTimer */ = {
			isa = PBXNativeTarget;
			buildConfigurationList = AECF7E5B1A93DC3D0064A7F4 /* Build configuration list for PBXNativeTarget "ProjectTimer" */;
			buildPhases = (
				AECF7E351A93DC3C0064A7F4 /* Sources */,
				AECF7E361A93DC3C0064A7F4 /* Frameworks */,
				AECF7E371A93DC3C0064A7F4 /* Resources */,
			);
			buildRules = (
			);
			dependencies = (
			);
			name = ProjectTimer;
			productName = ProjectTimer;
			productReference = AECF7E391A93DC3C0064A7F4 /* ProjectTimer.app */;
			productType = "com.apple.product-type.application";
		};
		AECF7E501A93DC3D0064A7F4 /* ProjectTimerTests */ = {
			isa = PBXNativeTarget;
			buildConfigurationList = AECF7E5E1A93DC3D0064A7F4 /* Build configuration list for PBXNativeTarget "ProjectTimerTests" */;
			buildPhases = (
				AECF7E4D1A93DC3D0064A7F4 /* Sources */,
				AECF7E4E1A93DC3D0064A7F4 /* Frameworks */,
				AECF7E4F1A93DC3D0064A7F4 /* Resources */,
			);
			buildRules = (
			);
			dependencies = (
				AECF7E531A93DC3D0064A7F4 /* PBXTargetDependency */,
			);
			name = ProjectTimerTests;
			productName = ProjectTimerTests;
			productReference = AECF7E511A93DC3D0064A7F4 /* ProjectTimerTests.xctest */;
			productType = "com.apple.product-type.bundle.unit-test";
		};
/* End PBXNativeTarget section */

/* Begin PBXProject section */
		AECF7E311A93DC3C0064A7F4 /* Project object */ = {
			isa = PBXProject;
			attributes = {
				LastUpgradeCheck = 0610;
				ORGANIZATIONNAME = MSCline;
				TargetAttributes = {
					AECF7E381A93DC3C0064A7F4 = {
						CreatedOnToolsVersion = 6.1.1;
					};
					AECF7E501A93DC3D0064A7F4 = {
						CreatedOnToolsVersion = 6.1.1;
						TestTargetID = AECF7E381A93DC3C0064A7F4;
					};
				};
			};
			buildConfigurationList = AECF7E341A93DC3C0064A7F4 /* Build configuration list for PBXProject "ProjectTimer" */;
			compatibilityVersion = "Xcode 3.2";
			developmentRegion = English;
			hasScannedForEncodings = 0;
			knownRegions = (
				en,
				Base,
			);
			mainGroup = AECF7E301A93DC3C0064A7F4;
			productRefGroup = AECF7E3A1A93DC3C0064A7F4 /* Products */;
			projectDirPath = "";
			projectRoot = "";
			targets = (
				AECF7E381A93DC3C0064A7F4 /* ProjectTimer */,
				AECF7E501A93DC3D0064A7F4 /* ProjectTimerTests */,
			);
		};
/* End PBXProject section */

/* Begin PBXResourcesBuildPhase section */
		AECF7E371A93DC3C0064A7F4 /* Resources */ = {
			isa = PBXResourcesBuildPhase;
			buildActionMask = 2147483647;
			files = (
				AECF7E471A93DC3D0064A7F4 /* Main.storyboard in Resources */,
				AECF7E4C1A93DC3D0064A7F4 /* LaunchScreen.xib in Resources */,
				AE396C491AB0A28500016D80 /* blackAndWhitePie.png in Resources */,
				AECF7E491A93DC3D0064A7F4 /* Images.xcassets in Resources */,
				AECF7E831A93DD800064A7F4 /* clearImage.png in Resources */,
				AE396C471AAFAF0400016D80 /* defaultPie.png in Resources */,
				AE88E5C21AAB775600C0502E /* blankChart.png in Resources */,
			);
			runOnlyForDeploymentPostprocessing = 0;
		};
		AECF7E4F1A93DC3D0064A7F4 /* Resources */ = {
			isa = PBXResourcesBuildPhase;
			buildActionMask = 2147483647;
			files = (
			);
			runOnlyForDeploymentPostprocessing = 0;
		};
/* End PBXResourcesBuildPhase section */

/* Begin PBXSourcesBuildPhase section */
		AECF7E351A93DC3C0064A7F4 /* Sources */ = {
			isa = PBXSourcesBuildPhase;
			buildActionMask = 2147483647;
			files = (
				AE76C5E21AA923930089BE50 /* EditChartViewController.swift in Sources */,
				AED4F1691AAACB9A00EBBAD3 /* LogViewController.swift in Sources */,
				AE9DC2721AB9E2970058F6D2 /* PieChartThumbnail.m in Sources */,
				AECF7E861A93DE9F0064A7F4 /* MCTableWithMutliSelection.m in Sources */,
				AECF7E9E1A93E16E0064A7F4 /* LogRecordSubclass.swift in Sources */,
				AECF7E661A93DCDA0064A7F4 /* TimerViewController.swift in Sources */,
				AECF7E621A93DC830064A7F4 /* ChartAndLegendVC_Superclass.swift in Sources */,
				AECF7EA81A94211C0064A7F4 /* TimerCollectionViewCell.swift in Sources */,
				AECF7E3F1A93DC3C0064A7F4 /* AppDelegate.swift in Sources */,
				AECF7E911A93DEAB0064A7F4 /* MCBlockTouchesView.m in Sources */,
				AE0A0FA51AA96BF100D56BF9 /* StatsViewController.swift in Sources */,
				AECF7E6E1A93DD100064A7F4 /* PieChart.swift in Sources */,
				AECF7E6A1A93DD000064A7F4 /* PieChartAndLegend.swift in Sources */,
				AE9DC2691AB9E2960058F6D2 /* PieChartCategoryWrapper.m in Sources */,
				AE76C5D01AA7EB8C0089BE50 /* ChartCollectionViewCell.swift in Sources */,
				AEBF60C01AA654E8008EABD3 /* TabBarController.swift in Sources */,
				AE396BDF1AAF623700016D80 /* TextFormatter.swift in Sources */,
				AE76C5D71AA7F6510089BE50 /* PieChartThumbnailSubclass.swift in Sources */,
				AECF7E901A93DEAB0064A7F4 /* MCTableWithGestures.m in Sources */,
				AE396BDD1AAF5EB800016D80 /* Grayscale.m in Sources */,
				AECEDE5B1AB77FE200B418C8 /* CollectionViewLayout.m in Sources */,
				AECF7E9C1A93E14C0064A7F4 /* TrackingCategorySubclass.swift in Sources */,
				AECF7E6B1A93DD000064A7F4 /* DataItem.swift in Sources */,
				AE5AFD071AAA3C2F008B132D /* LogTableViewCell.swift in Sources */,
				AECF7E421A93DC3C0064A7F4 /* ProjectTimer.xcdatamodeld in Sources */,
				AE9DC26C1AB9E2960058F6D2 /* TrackingCategory.m in Sources */,
				AECF7E6F1A93DD100064A7F4 /* PieSlice.swift in Sources */,
				AE44B8C81AA6A44500A749D2 /* MCAlertWithTextEntry.m in Sources */,
				AECF7E921A93DEAB0064A7F4 /* MCTableDataObject.m in Sources */,
				AEA8AA551AA76FAD004CD4BE /* PieChartsViewController.swift in Sources */,
				AECF7E8F1A93DEAB0064A7F4 /* MCGenericTableWithForwarding.m in Sources */,
				AE9DC26F1AB9E2970058F6D2 /* LogRecord.m in Sources */,
			);
			runOnlyForDeploymentPostprocessing = 0;
		};
		AECF7E4D1A93DC3D0064A7F4 /* Sources */ = {
			isa = PBXSourcesBuildPhase;
			buildActionMask = 2147483647;
			files = (
				AECF7E581A93DC3D0064A7F4 /* ProjectTimerTests.swift in Sources */,
			);
			runOnlyForDeploymentPostprocessing = 0;
		};
/* End PBXSourcesBuildPhase section */

/* Begin PBXTargetDependency section */
		AECF7E531A93DC3D0064A7F4 /* PBXTargetDependency */ = {
			isa = PBXTargetDependency;
			target = AECF7E381A93DC3C0064A7F4 /* ProjectTimer */;
			targetProxy = AECF7E521A93DC3D0064A7F4 /* PBXContainerItemProxy */;
		};
/* End PBXTargetDependency section */

/* Begin PBXVariantGroup section */
		AECF7E451A93DC3D0064A7F4 /* Main.storyboard */ = {
			isa = PBXVariantGroup;
			children = (
				AECF7E461A93DC3D0064A7F4 /* Base */,
			);
			name = Main.storyboard;
			sourceTree = "<group>";
		};
		AECF7E4A1A93DC3D0064A7F4 /* LaunchScreen.xib */ = {
			isa = PBXVariantGroup;
			children = (
				AECF7E4B1A93DC3D0064A7F4 /* Base */,
			);
			name = LaunchScreen.xib;
			sourceTree = "<group>";
		};
/* End PBXVariantGroup section */

/* Begin XCBuildConfiguration section */
		AECF7E591A93DC3D0064A7F4 /* Debug */ = {
			isa = XCBuildConfiguration;
			buildSettings = {
				ALWAYS_SEARCH_USER_PATHS = NO;
				CLANG_CXX_LANGUAGE_STANDARD = "gnu++0x";
				CLANG_CXX_LIBRARY = "libc++";
				CLANG_ENABLE_MODULES = YES;
				CLANG_ENABLE_OBJC_ARC = YES;
				CLANG_WARN_BOOL_CONVERSION = YES;
				CLANG_WARN_CONSTANT_CONVERSION = YES;
				CLANG_WARN_DIRECT_OBJC_ISA_USAGE = YES_ERROR;
				CLANG_WARN_EMPTY_BODY = YES;
				CLANG_WARN_ENUM_CONVERSION = YES;
				CLANG_WARN_INT_CONVERSION = YES;
				CLANG_WARN_OBJC_ROOT_CLASS = YES_ERROR;
				CLANG_WARN_UNREACHABLE_CODE = YES;
				CLANG_WARN__DUPLICATE_METHOD_MATCH = YES;
				"CODE_SIGN_IDENTITY[sdk=iphoneos*]" = "iPhone Developer";
				COPY_PHASE_STRIP = NO;
				ENABLE_STRICT_OBJC_MSGSEND = YES;
				GCC_C_LANGUAGE_STANDARD = gnu99;
				GCC_DYNAMIC_NO_PIC = NO;
				GCC_OPTIMIZATION_LEVEL = 0;
				GCC_PREPROCESSOR_DEFINITIONS = (
					"DEBUG=1",
					"$(inherited)",
				);
				GCC_SYMBOLS_PRIVATE_EXTERN = NO;
				GCC_WARN_64_TO_32_BIT_CONVERSION = YES;
				GCC_WARN_ABOUT_RETURN_TYPE = YES_ERROR;
				GCC_WARN_UNDECLARED_SELECTOR = YES;
				GCC_WARN_UNINITIALIZED_AUTOS = YES_AGGRESSIVE;
				GCC_WARN_UNUSED_FUNCTION = YES;
				GCC_WARN_UNUSED_VARIABLE = YES;
				IPHONEOS_DEPLOYMENT_TARGET = 8.1;
				MTL_ENABLE_DEBUG_INFO = YES;
				ONLY_ACTIVE_ARCH = YES;
				SDKROOT = iphoneos;
				SWIFT_OPTIMIZATION_LEVEL = "-Onone";
			};
			name = Debug;
		};
		AECF7E5A1A93DC3D0064A7F4 /* Release */ = {
			isa = XCBuildConfiguration;
			buildSettings = {
				ALWAYS_SEARCH_USER_PATHS = NO;
				CLANG_CXX_LANGUAGE_STANDARD = "gnu++0x";
				CLANG_CXX_LIBRARY = "libc++";
				CLANG_ENABLE_MODULES = YES;
				CLANG_ENABLE_OBJC_ARC = YES;
				CLANG_WARN_BOOL_CONVERSION = YES;
				CLANG_WARN_CONSTANT_CONVERSION = YES;
				CLANG_WARN_DIRECT_OBJC_ISA_USAGE = YES_ERROR;
				CLANG_WARN_EMPTY_BODY = YES;
				CLANG_WARN_ENUM_CONVERSION = YES;
				CLANG_WARN_INT_CONVERSION = YES;
				CLANG_WARN_OBJC_ROOT_CLASS = YES_ERROR;
				CLANG_WARN_UNREACHABLE_CODE = YES;
				CLANG_WARN__DUPLICATE_METHOD_MATCH = YES;
				"CODE_SIGN_IDENTITY[sdk=iphoneos*]" = "iPhone Developer";
				COPY_PHASE_STRIP = YES;
				ENABLE_NS_ASSERTIONS = NO;
				ENABLE_STRICT_OBJC_MSGSEND = YES;
				GCC_C_LANGUAGE_STANDARD = gnu99;
				GCC_WARN_64_TO_32_BIT_CONVERSION = YES;
				GCC_WARN_ABOUT_RETURN_TYPE = YES_ERROR;
				GCC_WARN_UNDECLARED_SELECTOR = YES;
				GCC_WARN_UNINITIALIZED_AUTOS = YES_AGGRESSIVE;
				GCC_WARN_UNUSED_FUNCTION = YES;
				GCC_WARN_UNUSED_VARIABLE = YES;
				IPHONEOS_DEPLOYMENT_TARGET = 8.1;
				MTL_ENABLE_DEBUG_INFO = NO;
				SDKROOT = iphoneos;
				VALIDATE_PRODUCT = YES;
			};
			name = Release;
		};
		AECF7E5C1A93DC3D0064A7F4 /* Debug */ = {
			isa = XCBuildConfiguration;
			buildSettings = {
				ASSETCATALOG_COMPILER_APPICON_NAME = AppIcon;
				CLANG_ENABLE_MODULES = YES;
				INFOPLIST_FILE = ProjectTimer/Info.plist;
				LD_RUNPATH_SEARCH_PATHS = "$(inherited) @executable_path/Frameworks";
				PRODUCT_NAME = "$(TARGET_NAME)";
				SWIFT_OBJC_BRIDGING_HEADER = "ProjectTimer/ProjectTimer-Bridging-Header.h";
				SWIFT_OPTIMIZATION_LEVEL = "-Onone";
				TARGETED_DEVICE_FAMILY = "1,2";
			};
			name = Debug;
		};
		AECF7E5D1A93DC3D0064A7F4 /* Release */ = {
			isa = XCBuildConfiguration;
			buildSettings = {
				ASSETCATALOG_COMPILER_APPICON_NAME = AppIcon;
				CLANG_ENABLE_MODULES = YES;
				INFOPLIST_FILE = ProjectTimer/Info.plist;
				LD_RUNPATH_SEARCH_PATHS = "$(inherited) @executable_path/Frameworks";
				PRODUCT_NAME = "$(TARGET_NAME)";
				SWIFT_OBJC_BRIDGING_HEADER = "ProjectTimer/ProjectTimer-Bridging-Header.h";
				TARGETED_DEVICE_FAMILY = "1,2";
			};
			name = Release;
		};
		AECF7E5F1A93DC3D0064A7F4 /* Debug */ = {
			isa = XCBuildConfiguration;
			buildSettings = {
				BUNDLE_LOADER = "$(TEST_HOST)";
				FRAMEWORK_SEARCH_PATHS = (
					"$(SDKROOT)/Developer/Library/Frameworks",
					"$(inherited)",
				);
				GCC_PREPROCESSOR_DEFINITIONS = (
					"DEBUG=1",
					"$(inherited)",
				);
				INFOPLIST_FILE = ProjectTimerTests/Info.plist;
				LD_RUNPATH_SEARCH_PATHS = "$(inherited) @executable_path/Frameworks @loader_path/Frameworks";
				PRODUCT_NAME = "$(TARGET_NAME)";
				TEST_HOST = "$(BUILT_PRODUCTS_DIR)/ProjectTimer.app/ProjectTimer";
			};
			name = Debug;
		};
		AECF7E601A93DC3D0064A7F4 /* Release */ = {
			isa = XCBuildConfiguration;
			buildSettings = {
				BUNDLE_LOADER = "$(TEST_HOST)";
				FRAMEWORK_SEARCH_PATHS = (
					"$(SDKROOT)/Developer/Library/Frameworks",
					"$(inherited)",
				);
				INFOPLIST_FILE = ProjectTimerTests/Info.plist;
				LD_RUNPATH_SEARCH_PATHS = "$(inherited) @executable_path/Frameworks @loader_path/Frameworks";
				PRODUCT_NAME = "$(TARGET_NAME)";
				TEST_HOST = "$(BUILT_PRODUCTS_DIR)/ProjectTimer.app/ProjectTimer";
			};
			name = Release;
		};
/* End XCBuildConfiguration section */

/* Begin XCConfigurationList section */
		AECF7E341A93DC3C0064A7F4 /* Build configuration list for PBXProject "ProjectTimer" */ = {
			isa = XCConfigurationList;
			buildConfigurations = (
				AECF7E591A93DC3D0064A7F4 /* Debug */,
				AECF7E5A1A93DC3D0064A7F4 /* Release */,
			);
			defaultConfigurationIsVisible = 0;
			defaultConfigurationName = Release;
		};
		AECF7E5B1A93DC3D0064A7F4 /* Build configuration list for PBXNativeTarget "ProjectTimer" */ = {
			isa = XCConfigurationList;
			buildConfigurations = (
				AECF7E5C1A93DC3D0064A7F4 /* Debug */,
				AECF7E5D1A93DC3D0064A7F4 /* Release */,
			);
			defaultConfigurationIsVisible = 0;
			defaultConfigurationName = Release;
		};
		AECF7E5E1A93DC3D0064A7F4 /* Build configuration list for PBXNativeTarget "ProjectTimerTests" */ = {
			isa = XCConfigurationList;
			buildConfigurations = (
				AECF7E5F1A93DC3D0064A7F4 /* Debug */,
				AECF7E601A93DC3D0064A7F4 /* Release */,
			);
			defaultConfigurationIsVisible = 0;
			defaultConfigurationName = Release;
		};
/* End XCConfigurationList section */

/* Begin XCVersionGroup section */
		AECF7E401A93DC3C0064A7F4 /* ProjectTimer.xcdatamodeld */ = {
			isa = XCVersionGroup;
			children = (
				AECF7E411A93DC3C0064A7F4 /* ProjectTimer.xcdatamodel */,
			);
			currentVersion = AECF7E411A93DC3C0064A7F4 /* ProjectTimer.xcdatamodel */;
			path = ProjectTimer.xcdatamodeld;
			sourceTree = "<group>";
			versionGroupType = wrapper.xcdatamodel;
		};
/* End XCVersionGroup section */
	};
	rootObject = AECF7E311A93DC3C0064A7F4 /* Project object */;
}
